
Microsoft Visual Studio Solution File, Format Version 12.00
Project("{FAE04EC0-301F-11D3-BF4B-00C04F79EFBC}") = "TMC.Tools.CoreLib", "TMC.Tools.CoreLib\TMC.Tools.CoreLib.csproj", "{A8AC907E-C3AD-4AA9-ABBA-10559132F60A}"
EndProject
Global
	GlobalSection(SolutionConfigurationPlatforms) = preSolution
		SpeedrunToolsDebug|Any CPU = SpeedrunToolsDebug|Any CPU
		SpeedrunTools|Any CPU = SpeedrunTools|Any CPU
		TasingToolsDebug|Any CPU = TasingToolsDebug|Any CPU
		TasingTools|Any CPU = TasingTools|Any CPU
	EndGlobalSection
	GlobalSection(ProjectConfigurationPlatforms) = postSolution
		{A8AC907E-C3AD-4AA9-ABBA-10559132F60A}.SpeedrunToolsDebug|Any CPU.ActiveCfg = SpeedrunToolsDebug|Any CPU
		{A8AC907E-C3AD-4AA9-ABBA-10559132F60A}.SpeedrunToolsDebug|Any CPU.Build.0 = SpeedrunToolsDebug|Any CPU
		{A8AC907E-C3AD-4AA9-ABBA-10559132F60A}.SpeedrunTools|Any CPU.ActiveCfg = SpeedrunTools|Any CPU
		{A8AC907E-C3AD-4AA9-ABBA-10559132F60A}.SpeedrunTools|Any CPU.Build.0 = SpeedrunTools|Any CPU
		{A8AC907E-C3AD-4AA9-ABBA-10559132F60A}.TasingToolsDebug|Any CPU.ActiveCfg = TasingToolsDebug|Any CPU
		{A8AC907E-C3AD-4AA9-ABBA-10559132F60A}.TasingToolsDebug|Any CPU.Build.0 = TasingToolsDebug|Any CPU
		{A8AC907E-C3AD-4AA9-ABBA-10559132F60A}.TasingTools|Any CPU.ActiveCfg = TasingTools|Any CPU
		{A8AC907E-C3AD-4AA9-ABBA-10559132F60A}.TasingTools|Any CPU.Build.0 = TasingTools|Any CPU
	EndGlobalSection
EndGlobal
